// !$*UTF8*$!
{
	archiveVersion = 1;
	classes = {
	};
	objectVersion = 56;
	objects = {

/* Begin PBXBuildFile section */
		A0133B742933BBF400BA4A97 /* ToDoItem.xcdatamodeld in Sources */ = {isa = PBXBuildFile; fileRef = A0133B722933BBF400BA4A97 /* ToDoItem.xcdatamodeld */; };
		A0133B772933BC5600BA4A97 /* CoreDataStack.swift in Sources */ = {isa = PBXBuildFile; fileRef = A0133B762933BC5600BA4A97 /* CoreDataStack.swift */; };
		A0133B7A2933C01700BA4A97 /* Todo+CoreDataClass.swift in Sources */ = {isa = PBXBuildFile; fileRef = A0133B782933C01700BA4A97 /* Todo+CoreDataClass.swift */; };
		A0133B7B2933C01700BA4A97 /* Todo+CoreDataProperties.swift in Sources */ = {isa = PBXBuildFile; fileRef = A0133B792933C01700BA4A97 /* Todo+CoreDataProperties.swift */; };
		A0133B7D2933C3C700BA4A97 /* ToDoRepository.swift in Sources */ = {isa = PBXBuildFile; fileRef = A0133B7C2933C3C700BA4A97 /* ToDoRepository.swift */; };
		A0267404291CA45600209A04 /* AppDelegate.swift in Sources */ = {isa = PBXBuildFile; fileRef = A0267403291CA45600209A04 /* AppDelegate.swift */; };
		A0267406291CA45600209A04 /* SceneDelegate.swift in Sources */ = {isa = PBXBuildFile; fileRef = A0267405291CA45600209A04 /* SceneDelegate.swift */; };
		A0267408291CA45600209A04 /* ViewController.swift in Sources */ = {isa = PBXBuildFile; fileRef = A0267407291CA45600209A04 /* ViewController.swift */; };
		A026740B291CA45600209A04 /* Main.storyboard in Resources */ = {isa = PBXBuildFile; fileRef = A0267409291CA45600209A04 /* Main.storyboard */; };
		A026740D291CA45A00209A04 /* Assets.xcassets in Resources */ = {isa = PBXBuildFile; fileRef = A026740C291CA45A00209A04 /* Assets.xcassets */; };
		A0267410291CA45A00209A04 /* LaunchScreen.storyboard in Resources */ = {isa = PBXBuildFile; fileRef = A026740E291CA45A00209A04 /* LaunchScreen.storyboard */; };
		A0267419291CA9CA00209A04 /* TodoTableViewCell.swift in Sources */ = {isa = PBXBuildFile; fileRef = A0267417291CA9CA00209A04 /* TodoTableViewCell.swift */; };
		A026741A291CA9CA00209A04 /* TodoTableViewCell.xib in Resources */ = {isa = PBXBuildFile; fileRef = A0267418291CA9CA00209A04 /* TodoTableViewCell.xib */; };
		A026741C291CBC2400209A04 /* TodoDetailsViewController.swift in Sources */ = {isa = PBXBuildFile; fileRef = A026741B291CBC2400209A04 /* TodoDetailsViewController.swift */; };
/* End PBXBuildFile section */

/* Begin PBXFileReference section */
		A0133B732933BBF400BA4A97 /* ToDoItem.xcdatamodel */ = {isa = PBXFileReference; lastKnownFileType = wrapper.xcdatamodel; path = ToDoItem.xcdatamodel; sourceTree = "<group>"; };
		A0133B762933BC5600BA4A97 /* CoreDataStack.swift */ = {isa = PBXFileReference; lastKnownFileType = sourcecode.swift; path = CoreDataStack.swift; sourceTree = "<group>"; };
		A0133B782933C01700BA4A97 /* Todo+CoreDataClass.swift */ = {isa = PBXFileReference; lastKnownFileType = sourcecode.swift; path = "Todo+CoreDataClass.swift"; sourceTree = "<group>"; };
		A0133B792933C01700BA4A97 /* Todo+CoreDataProperties.swift */ = {isa = PBXFileReference; lastKnownFileType = sourcecode.swift; path = "Todo+CoreDataProperties.swift"; sourceTree = "<group>"; };
		A0133B7C2933C3C700BA4A97 /* ToDoRepository.swift */ = {isa = PBXFileReference; lastKnownFileType = sourcecode.swift; path = ToDoRepository.swift; sourceTree = "<group>"; };
		A0267400291CA45600209A04 /* TodoApp.app */ = {isa = PBXFileReference; explicitFileType = wrapper.application; includeInIndex = 0; path = TodoApp.app; sourceTree = BUILT_PRODUCTS_DIR; };
		A0267403291CA45600209A04 /* AppDelegate.swift */ = {isa = PBXFileReference; lastKnownFileType = sourcecode.swift; path = AppDelegate.swift; sourceTree = "<group>"; };
		A0267405291CA45600209A04 /* SceneDelegate.swift */ = {isa = PBXFileReference; lastKnownFileType = sourcecode.swift; path = SceneDelegate.swift; sourceTree = "<group>"; };
		A0267407291CA45600209A04 /* ViewController.swift */ = {isa = PBXFileReference; lastKnownFileType = sourcecode.swift; path = ViewController.swift; sourceTree = "<group>"; };
		A026740A291CA45600209A04 /* Base */ = {isa = PBXFileReference; lastKnownFileType = file.storyboard; name = Base; path = Base.lproj/Main.storyboard; sourceTree = "<group>"; };
		A026740C291CA45A00209A04 /* Assets.xcassets */ = {isa = PBXFileReference; lastKnownFileType = folder.assetcatalog; path = Assets.xcassets; sourceTree = "<group>"; };
		A026740F291CA45A00209A04 /* Base */ = {isa = PBXFileReference; lastKnownFileType = file.storyboard; name = Base; path = Base.lproj/LaunchScreen.storyboard; sourceTree = "<group>"; };
		A0267411291CA45A00209A04 /* Info.plist */ = {isa = PBXFileReference; lastKnownFileType = text.plist.xml; path = Info.plist; sourceTree = "<group>"; };
		A0267417291CA9CA00209A04 /* TodoTableViewCell.swift */ = {isa = PBXFileReference; lastKnownFileType = sourcecode.swift; path = TodoTableViewCell.swift; sourceTree = "<group>"; };
		A0267418291CA9CA00209A04 /* TodoTableViewCell.xib */ = {isa = PBXFileReference; lastKnownFileType = file.xib; path = TodoTableViewCell.xib; sourceTree = "<group>"; };
		A026741B291CBC2400209A04 /* TodoDetailsViewController.swift */ = {isa = PBXFileReference; lastKnownFileType = sourcecode.swift; path = TodoDetailsViewController.swift; sourceTree = "<group>"; };
/* End PBXFileReference section */

/* Begin PBXFrameworksBuildPhase section */
		A02673FD291CA45600209A04 /* Frameworks */ = {
			isa = PBXFrameworksBuildPhase;
			buildActionMask = 2147483647;
			files = (
			);
			runOnlyForDeploymentPostprocessing = 0;
		};
/* End PBXFrameworksBuildPhase section */

/* Begin PBXGroup section */
		A0133B752933BC4500BA4A97 /* CoreData */ = {
			isa = PBXGroup;
			children = (
				A0133B782933C01700BA4A97 /* Todo+CoreDataClass.swift */,
				A0133B792933C01700BA4A97 /* Todo+CoreDataProperties.swift */,
				A0133B762933BC5600BA4A97 /* CoreDataStack.swift */,
				A0133B7C2933C3C700BA4A97 /* ToDoRepository.swift */,
			);
			path = CoreData;
			sourceTree = "<group>";
		};
		A02673F7291CA45600209A04 = {
			isa = PBXGroup;
			children = (
				A0267402291CA45600209A04 /* TodoApp */,
				A0267401291CA45600209A04 /* Products */,
			);
			sourceTree = "<group>";
		};
		A0267401291CA45600209A04 /* Products */ = {
			isa = PBXGroup;
			children = (
				A0267400291CA45600209A04 /* TodoApp.app */,
			);
			name = Products;
			sourceTree = "<group>";
		};
		A0267402291CA45600209A04 /* TodoApp */ = {
			isa = PBXGroup;
			children = (
				A0133B752933BC4500BA4A97 /* CoreData */,
				A0267403291CA45600209A04 /* AppDelegate.swift */,
				A0267405291CA45600209A04 /* SceneDelegate.swift */,
				A0267407291CA45600209A04 /* ViewController.swift */,
				A026741B291CBC2400209A04 /* TodoDetailsViewController.swift */,
				A0267417291CA9CA00209A04 /* TodoTableViewCell.swift */,
				A0267418291CA9CA00209A04 /* TodoTableViewCell.xib */,
				A0267409291CA45600209A04 /* Main.storyboard */,
				A026740C291CA45A00209A04 /* Assets.xcassets */,
				A026740E291CA45A00209A04 /* LaunchScreen.storyboard */,
				A0267411291CA45A00209A04 /* Info.plist */,
				A0133B722933BBF400BA4A97 /* ToDoItem.xcdatamodeld */,
			);
			path = TodoApp;
			sourceTree = "<group>";
		};
/* End PBXGroup section */

/* Begin PBXNativeTarget section */
		A02673FF291CA45600209A04 /* TodoApp */ = {
			isa = PBXNativeTarget;
			buildConfigurationList = A0267414291CA45A00209A04 /* Build configuration list for PBXNativeTarget "TodoApp" */;
			buildPhases = (
				A02673FC291CA45600209A04 /* Sources */,
				A02673FD291CA45600209A04 /* Frameworks */,
				A02673FE291CA45600209A04 /* Resources */,
			);
			buildRules = (
			);
			dependencies = (
			);
			name = TodoApp;
			productName = TodoApp;
			productReference = A0267400291CA45600209A04 /* TodoApp.app */;
			productType = "com.apple.product-type.application";
		};
/* End PBXNativeTarget section */

/* Begin PBXProject section */
		A02673F8291CA45600209A04 /* Project object */ = {
			isa = PBXProject;
			attributes = {
				BuildIndependentTargetsInParallel = 1;
				LastSwiftUpdateCheck = 1400;
				LastUpgradeCheck = 1400;
				TargetAttributes = {
					A02673FF291CA45600209A04 = {
						CreatedOnToolsVersion = 14.0;
					};
				};
			};
			buildConfigurationList = A02673FB291CA45600209A04 /* Build configuration list for PBXProject "TodoApp" */;
			compatibilityVersion = "Xcode 14.0";
			developmentRegion = en;
			hasScannedForEncodings = 0;
			knownRegions = (
				en,
				Base,
			);
			mainGroup = A02673F7291CA45600209A04;
			productRefGroup = A0267401291CA45600209A04 /* Products */;
			projectDirPath = "";
			projectRoot = "";
			targets = (
				A02673FF291CA45600209A04 /* TodoApp */,
			);
		};
/* End PBXProject section */

/* Begin PBXResourcesBuildPhase section */
		A02673FE291CA45600209A04 /* Resources */ = {
			isa = PBXResourcesBuildPhase;
			buildActionMask = 2147483647;
			files = (
				A0267410291CA45A00209A04 /* LaunchScreen.storyboard in Resources */,
				A026740D291CA45A00209A04 /* Assets.xcassets in Resources */,
				A026740B291CA45600209A04 /* Main.storyboard in Resources */,
				A026741A291CA9CA00209A04 /* TodoTableViewCell.xib in Resources */,
			);
			runOnlyForDeploymentPostprocessing = 0;
		};
/* End PBXResourcesBuildPhase section */

/* Begin PBXSourcesBuildPhase section */
		A02673FC291CA45600209A04 /* Sources */ = {
			isa = PBXSourcesBuildPhase;
			buildActionMask = 2147483647;
			files = (
				A026741C291CBC2400209A04 /* TodoDetailsViewController.swift in Sources */,
				A0133B742933BBF400BA4A97 /* ToDoItem.xcdatamodeld in Sources */,
				A0267408291CA45600209A04 /* ViewController.swift in Sources */,
				A0267404291CA45600209A04 /* AppDelegate.swift in Sources */,
				A0133B7A2933C01700BA4A97 /* Todo+CoreDataClass.swift in Sources */,
				A0267406291CA45600209A04 /* SceneDelegate.swift in Sources */,
				A0267419291CA9CA00209A04 /* TodoTableViewCell.swift in Sources */,
				A0133B7D2933C3C700BA4A97 /* ToDoRepository.swift in Sources */,
				A0133B772933BC5600BA4A97 /* CoreDataStack.swift in Sources */,
				A0133B7B2933C01700BA4A97 /* Todo+CoreDataProperties.swift in Sources */,
			);
			runOnlyForDeploymentPostprocessing = 0;
		};
/* End PBXSourcesBuildPhase section */

/* Begin PBXVariantGroup section */
		A0267409291CA45600209A04 /* Main.storyboard */ = {
			isa = PBXVariantGroup;
			children = (
				A026740A291CA45600209A04 /* Base */,
			);
			name = Main.storyboard;
			sourceTree = "<group>";
		};
		A026740E291CA45A00209A04 /* LaunchScreen.storyboard */ = {
			isa = PBXVariantGroup;
			children = (
				A026740F291CA45A00209A04 /* Base */,
			);
			name = LaunchScreen.storyboard;
			sourceTree = "<group>";
		};
/* End PBXVariantGroup section */

/* Begin XCBuildConfiguration section */
		A0267412291CA45A00209A04 /* Debug */ = {
			isa = XCBuildConfiguration;
			buildSettings = {
				ALWAYS_SEARCH_USER_PATHS = NO;
				CLANG_ANALYZER_NONNULL = YES;
				CLANG_ANALYZER_NUMBER_OBJECT_CONVERSION = YES_AGGRESSIVE;
				CLANG_CXX_LANGUAGE_STANDARD = "gnu++20";
				CLANG_ENABLE_MODULES = YES;
				CLANG_ENABLE_OBJC_ARC = YES;
				CLANG_ENABLE_OBJC_WEAK = YES;
				CLANG_WARN_BLOCK_CAPTURE_AUTORELEASING = YES;
				CLANG_WARN_BOOL_CONVERSION = YES;
				CLANG_WARN_COMMA = YES;
				CLANG_WARN_CONSTANT_CONVERSION = YES;
				CLANG_WARN_DEPRECATED_OBJC_IMPLEMENTATIONS = YES;
				CLANG_WARN_DIRECT_OBJC_ISA_USAGE = YES_ERROR;
				CLANG_WARN_DOCUMENTATION_COMMENTS = YES;
				CLANG_WARN_EMPTY_BODY = YES;
				CLANG_WARN_ENUM_CONVERSION = YES;
				CLANG_WARN_INFINITE_RECURSION = YES;
				CLANG_WARN_INT_CONVERSION = YES;
				CLANG_WARN_NON_LITERAL_NULL_CONVERSION = YES;
				CLANG_WARN_OBJC_IMPLICIT_RETAIN_SELF = YES;
				CLANG_WARN_OBJC_LITERAL_CONVERSION = YES;
				CLANG_WARN_OBJC_ROOT_CLASS = YES_ERROR;
				CLANG_WARN_QUOTED_INCLUDE_IN_FRAMEWORK_HEADER = YES;
				CLANG_WARN_RANGE_LOOP_ANALYSIS = YES;
				CLANG_WARN_STRICT_PROTOTYPES = YES;
				CLANG_WARN_SUSPICIOUS_MOVE = YES;
				CLANG_WARN_UNGUARDED_AVAILABILITY = YES_AGGRESSIVE;
				CLANG_WARN_UNREACHABLE_CODE = YES;
				CLANG_WARN__DUPLICATE_METHOD_MATCH = YES;
				COPY_PHASE_STRIP = NO;
				DEBUG_INFORMATION_FORMAT = dwarf;
				ENABLE_STRICT_OBJC_MSGSEND = YES;
				ENABLE_TESTABILITY = YES;
				GCC_C_LANGUAGE_STANDARD = gnu11;
				GCC_DYNAMIC_NO_PIC = NO;
				GCC_NO_COMMON_BLOCKS = YES;
				GCC_OPTIMIZATION_LEVEL = 0;
				GCC_PREPROCESSOR_DEFINITIONS = (
					"DEBUG=1",
					"$(inherited)",
				);
				GCC_WARN_64_TO_32_BIT_CONVERSION = YES;
				GCC_WARN_ABOUT_RETURN_TYPE = YES_ERROR;
				GCC_WARN_UNDECLARED_SELECTOR = YES;
				GCC_WARN_UNINITIALIZED_AUTOS = YES_AGGRESSIVE;
				GCC_WARN_UNUSED_FUNCTION = YES;
				GCC_WARN_UNUSED_VARIABLE = YES;
				IPHONEOS_DEPLOYMENT_TARGET = 16.0;
				MTL_ENABLE_DEBUG_INFO = INCLUDE_SOURCE;
				MTL_FAST_MATH = YES;
				ONLY_ACTIVE_ARCH = YES;
				SDKROOT = iphoneos;
				SWIFT_ACTIVE_COMPILATION_CONDITIONS = DEBUG;
				SWIFT_OPTIMIZATION_LEVEL = "-Onone";
			};
			name = Debug;
		};
		A0267413291CA45A00209A04 /* Release */ = {
			isa = XCBuildConfiguration;
			buildSettings = {
				ALWAYS_SEARCH_USER_PATHS = NO;
				CLANG_ANALYZER_NONNULL = YES;
				CLANG_ANALYZER_NUMBER_OBJECT_CONVERSION = YES_AGGRESSIVE;
				CLANG_CXX_LANGUAGE_STANDARD = "gnu++20";
				CLANG_ENABLE_MODULES = YES;
				CLANG_ENABLE_OBJC_ARC = YES;
				CLANG_ENABLE_OBJC_WEAK = YES;
				CLANG_WARN_BLOCK_CAPTURE_AUTORELEASING = YES;
				CLANG_WARN_BOOL_CONVERSION = YES;
				CLANG_WARN_COMMA = YES;
				CLANG_WARN_CONSTANT_CONVERSION = YES;
				CLANG_WARN_DEPRECATED_OBJC_IMPLEMENTATIONS = YES;
				CLANG_WARN_DIRECT_OBJC_ISA_USAGE = YES_ERROR;
				CLANG_WARN_DOCUMENTATION_COMMENTS = YES;
				CLANG_WARN_EMPTY_BODY = YES;
				CLANG_WARN_ENUM_CONVERSION = YES;
				CLANG_WARN_INFINITE_RECURSION = YES;
				CLANG_WARN_INT_CONVERSION = YES;
				CLANG_WARN_NON_LITERAL_NULL_CONVERSION = YES;
				CLANG_WARN_OBJC_IMPLICIT_RETAIN_SELF = YES;
				CLANG_WARN_OBJC_LITERAL_CONVERSION = YES;
				CLANG_WARN_OBJC_ROOT_CLASS = YES_ERROR;
				CLANG_WARN_QUOTED_INCLUDE_IN_FRAMEWORK_HEADER = YES;
				CLANG_WARN_RANGE_LOOP_ANALYSIS = YES;
				CLANG_WARN_STRICT_PROTOTYPES = YES;
				CLANG_WARN_SUSPICIOUS_MOVE = YES;
				CLANG_WARN_UNGUARDED_AVAILABILITY = YES_AGGRESSIVE;
				CLANG_WARN_UNREACHABLE_CODE = YES;
				CLANG_WARN__DUPLICATE_METHOD_MATCH = YES;
				COPY_PHASE_STRIP = NO;
				DEBUG_INFORMATION_FORMAT = "dwarf-with-dsym";
				ENABLE_NS_ASSERTIONS = NO;
				ENABLE_STRICT_OBJC_MSGSEND = YES;
				GCC_C_LANGUAGE_STANDARD = gnu11;
				GCC_NO_COMMON_BLOCKS = YES;
				GCC_WARN_64_TO_32_BIT_CONVERSION = YES;
				GCC_WARN_ABOUT_RETURN_TYPE = YES_ERROR;
				GCC_WARN_UNDECLARED_SELECTOR = YES;
				GCC_WARN_UNINITIALIZED_AUTOS = YES_AGGRESSIVE;
				GCC_WARN_UNUSED_FUNCTION = YES;
				GCC_WARN_UNUSED_VARIABLE = YES;
				IPHONEOS_DEPLOYMENT_TARGET = 16.0;
				MTL_ENABLE_DEBUG_INFO = NO;
				MTL_FAST_MATH = YES;
				SDKROOT = iphoneos;
				SWIFT_COMPILATION_MODE = wholemodule;
				SWIFT_OPTIMIZATION_LEVEL = "-O";
				VALIDATE_PRODUCT = YES;
			};
			name = Release;
		};
		A0267415291CA45A00209A04 /* Debug */ = {
			isa = XCBuildConfiguration;
			buildSettings = {
				ASSETCATALOG_COMPILER_APPICON_NAME = AppIcon;
				ASSETCATALOG_COMPILER_GLOBAL_ACCENT_COLOR_NAME = AccentColor;
				CODE_SIGN_STYLE = Automatic;
				CURRENT_PROJECT_VERSION = 1;
				GENERATE_INFOPLIST_FILE = YES;
				INFOPLIST_FILE = TodoApp/Info.plist;
				INFOPLIST_KEY_UIApplicationSupportsIndirectInputEvents = YES;
				INFOPLIST_KEY_UILaunchStoryboardName = LaunchScreen;
				INFOPLIST_KEY_UIMainStoryboardFile = Main;
				INFOPLIST_KEY_UISupportedInterfaceOrientations_iPad = "UIInterfaceOrientationPortrait UIInterfaceOrientationPortraitUpsideDown UIInterfaceOrientationLandscapeLeft UIInterfaceOrientationLandscapeRight";
				INFOPLIST_KEY_UISupportedInterfaceOrientations_iPhone = "UIInterfaceOrientationPortrait UIInterfaceOrientationLandscapeLeft UIInterfaceOrientationLandscapeRight";
				LD_RUNPATH_SEARCH_PATHS = (
					"$(inherited)",
					"@executable_path/Frameworks",
				);
				MARKETING_VERSION = 1.0;
				PRODUCT_BUNDLE_IDENTIFIER = com.iOSProgramming.TodoApp;
				PRODUCT_NAME = "$(TARGET_NAME)";
				SWIFT_EMIT_LOC_STRINGS = YES;
				SWIFT_VERSION = 5.0;
				TARGETED_DEVICE_FAMILY = "1,2";
			};
			name = Debug;
		};
		A0267416291CA45A00209A04 /* Release */ = {
			isa = XCBuildConfiguration;
			buildSettings = {
				ASSETCATALOG_COMPILER_APPICON_NAME = AppIcon;
				ASSETCATALOG_COMPILER_GLOBAL_ACCENT_COLOR_NAME = AccentColor;
				CODE_SIGN_STYLE = Automatic;
				CURRENT_PROJECT_VERSION = 1;
				GENERATE_INFOPLIST_FILE = YES;
				INFOPLIST_FILE = TodoApp/Info.plist;
				INFOPLIST_KEY_UIApplicationSupportsIndirectInputEvents = YES;
				INFOPLIST_KEY_UILaunchStoryboardName = LaunchScreen;
				INFOPLIST_KEY_UIMainStoryboardFile = Main;
				INFOPLIST_KEY_UISupportedInterfaceOrientations_iPad = "UIInterfaceOrientationPortrait UIInterfaceOrientationPortraitUpsideDown UIInterfaceOrientationLandscapeLeft UIInterfaceOrientationLandscapeRight";
				INFOPLIST_KEY_UISupportedInterfaceOrientations_iPhone = "UIInterfaceOrientationPortrait UIInterfaceOrientationLandscapeLeft UIInterfaceOrientationLandscapeRight";
				LD_RUNPATH_SEARCH_PATHS = (
					"$(inherited)",
					"@executable_path/Frameworks",
				);
				MARKETING_VERSION = 1.0;
				PRODUCT_BUNDLE_IDENTIFIER = com.iOSProgramming.TodoApp;
				PRODUCT_NAME = "$(TARGET_NAME)";
				SWIFT_EMIT_LOC_STRINGS = YES;
				SWIFT_VERSION = 5.0;
				TARGETED_DEVICE_FAMILY = "1,2";
			};
			name = Release;
		};
/* End XCBuildConfiguration section */

/* Begin XCConfigurationList section */
		A02673FB291CA45600209A04 /* Build configuration list for PBXProject "TodoApp" */ = {
			isa = XCConfigurationList;
			buildConfigurations = (
				A0267412291CA45A00209A04 /* Debug */,
				A0267413291CA45A00209A04 /* Release */,
			);
			defaultConfigurationIsVisible = 0;
			defaultConfigurationName = Release;
		};
		A0267414291CA45A00209A04 /* Build configuration list for PBXNativeTarget "TodoApp" */ = {
			isa = XCConfigurationList;
			buildConfigurations = (
				A0267415291CA45A00209A04 /* Debug */,
				A0267416291CA45A00209A04 /* Release */,
			);
			defaultConfigurationIsVisible = 0;
			defaultConfigurationName = Release;
		};
/* End XCConfigurationList section */

/* Begin XCVersionGroup section */
		A0133B722933BBF400BA4A97 /* ToDoItem.xcdatamodeld */ = {
			isa = XCVersionGroup;
			children = (
				A0133B732933BBF400BA4A97 /* ToDoItem.xcdatamodel */,
			);
			currentVersion = A0133B732933BBF400BA4A97 /* ToDoItem.xcdatamodel */;
			path = ToDoItem.xcdatamodeld;
			sourceTree = "<group>";
			versionGroupType = wrapper.xcdatamodel;
		};
/* End XCVersionGroup section */
	};
	rootObject = A02673F8291CA45600209A04 /* Project object */;
}
